// !$*UTF8*$!
{
	archiveVersion = 1;
	classes = {
	};
	objectVersion = 56;
	objects = {

/* Begin PBXBuildFile section */
		740659D62B6C9DD700133973 /* AlphaNumericFunVCViewController.swift in Sources */ = {isa = PBXBuildFile; fileRef = 740659D52B6C9DD700133973 /* AlphaNumericFunVCViewController.swift */; };
		741114E32B6B1B4A00702BA4 /* AppDelegate.swift in Sources */ = {isa = PBXBuildFile; fileRef = 741114E22B6B1B4A00702BA4 /* AppDelegate.swift */; };
		741114E52B6B1B4A00702BA4 /* SceneDelegate.swift in Sources */ = {isa = PBXBuildFile; fileRef = 741114E42B6B1B4A00702BA4 /* SceneDelegate.swift */; };
		741114E72B6B1B4A00702BA4 /* ViewController.swift in Sources */ = {isa = PBXBuildFile; fileRef = 741114E62B6B1B4A00702BA4 /* ViewController.swift */; };
		741114EA2B6B1B4A00702BA4 /* Main.storyboard in Resources */ = {isa = PBXBuildFile; fileRef = 741114E82B6B1B4A00702BA4 /* Main.storyboard */; };
		741114EC2B6B1B4F00702BA4 /* Assets.xcassets in Resources */ = {isa = PBXBuildFile; fileRef = 741114EB2B6B1B4F00702BA4 /* Assets.xcassets */; };
		741114EF2B6B1B4F00702BA4 /* LaunchScreen.storyboard in Resources */ = {isa = PBXBuildFile; fileRef = 741114ED2B6B1B4F00702BA4 /* LaunchScreen.storyboard */; };
		741114FA2B6B1B4F00702BA4 /* BobbaAlphaNumericFunAppTests.swift in Sources */ = {isa = PBXBuildFile; fileRef = 741114F92B6B1B4F00702BA4 /* BobbaAlphaNumericFunAppTests.swift */; };
		741115042B6B1B4F00702BA4 /* BobbaAlphaNumericFunAppUITests.swift in Sources */ = {isa = PBXBuildFile; fileRef = 741115032B6B1B4F00702BA4 /* BobbaAlphaNumericFunAppUITests.swift */; };
		741115062B6B1B4F00702BA4 /* BobbaAlphaNumericFunAppUITestsLaunchTests.swift in Sources */ = {isa = PBXBuildFile; fileRef = 741115052B6B1B4F00702BA4 /* BobbaAlphaNumericFunAppUITestsLaunchTests.swift */; };
		741414172B6DD13300840DBD /* Lottie in Frameworks */ = {isa = PBXBuildFile; productRef = 741414162B6DD13300840DBD /* Lottie */; };
		7414141A2B6DDC2400840DBD /* AnimatedGradientView in Frameworks */ = {isa = PBXBuildFile; productRef = 741414192B6DDC2400840DBD /* AnimatedGradientView */; };
/* End PBXBuildFile section */

/* Begin PBXContainerItemProxy section */
		741114F62B6B1B4F00702BA4 /* PBXContainerItemProxy */ = {
			isa = PBXContainerItemProxy;
			containerPortal = 741114D72B6B1B4A00702BA4 /* Project object */;
			proxyType = 1;
			remoteGlobalIDString = 741114DE2B6B1B4A00702BA4;
			remoteInfo = BobbaAlphaNumericFunApp;
		};
		741115002B6B1B4F00702BA4 /* PBXContainerItemProxy */ = {
			isa = PBXContainerItemProxy;
			containerPortal = 741114D72B6B1B4A00702BA4 /* Project object */;
			proxyType = 1;
			remoteGlobalIDString = 741114DE2B6B1B4A00702BA4;
			remoteInfo = BobbaAlphaNumericFunApp;
		};
/* End PBXContainerItemProxy section */

/* Begin PBXFileReference section */
		740659D52B6C9DD700133973 /* AlphaNumericFunVCViewController.swift */ = {isa = PBXFileReference; lastKnownFileType = sourcecode.swift; path = AlphaNumericFunVCViewController.swift; sourceTree = "<group>"; };
		741114DF2B6B1B4A00702BA4 /* BobbaAlphaNumericFunApp.app */ = {isa = PBXFileReference; explicitFileType = wrapper.application; includeInIndex = 0; path = BobbaAlphaNumericFunApp.app; sourceTree = BUILT_PRODUCTS_DIR; };
		741114E22B6B1B4A00702BA4 /* AppDelegate.swift */ = {isa = PBXFileReference; lastKnownFileType = sourcecode.swift; path = AppDelegate.swift; sourceTree = "<group>"; };
		741114E42B6B1B4A00702BA4 /* SceneDelegate.swift */ = {isa = PBXFileReference; lastKnownFileType = sourcecode.swift; path = SceneDelegate.swift; sourceTree = "<group>"; };
		741114E62B6B1B4A00702BA4 /* ViewController.swift */ = {isa = PBXFileReference; lastKnownFileType = sourcecode.swift; path = ViewController.swift; sourceTree = "<group>"; };
		741114E92B6B1B4A00702BA4 /* Base */ = {isa = PBXFileReference; lastKnownFileType = file.storyboard; name = Base; path = Base.lproj/Main.storyboard; sourceTree = "<group>"; };
		741114EB2B6B1B4F00702BA4 /* Assets.xcassets */ = {isa = PBXFileReference; lastKnownFileType = folder.assetcatalog; path = Assets.xcassets; sourceTree = "<group>"; };
		741114EE2B6B1B4F00702BA4 /* Base */ = {isa = PBXFileReference; lastKnownFileType = file.storyboard; name = Base; path = Base.lproj/LaunchScreen.storyboard; sourceTree = "<group>"; };
		741114F02B6B1B4F00702BA4 /* Info.plist */ = {isa = PBXFileReference; lastKnownFileType = text.plist.xml; path = Info.plist; sourceTree = "<group>"; };
		741114F52B6B1B4F00702BA4 /* BobbaAlphaNumericFunAppTests.xctest */ = {isa = PBXFileReference; explicitFileType = wrapper.cfbundle; includeInIndex = 0; path = BobbaAlphaNumericFunAppTests.xctest; sourceTree = BUILT_PRODUCTS_DIR; };
		741114F92B6B1B4F00702BA4 /* BobbaAlphaNumericFunAppTests.swift */ = {isa = PBXFileReference; lastKnownFileType = sourcecode.swift; path = BobbaAlphaNumericFunAppTests.swift; sourceTree = "<group>"; };
		741114FF2B6B1B4F00702BA4 /* BobbaAlphaNumericFunAppUITests.xctest */ = {isa = PBXFileReference; explicitFileType = wrapper.cfbundle; includeInIndex = 0; path = BobbaAlphaNumericFunAppUITests.xctest; sourceTree = BUILT_PRODUCTS_DIR; };
		741115032B6B1B4F00702BA4 /* BobbaAlphaNumericFunAppUITests.swift */ = {isa = PBXFileReference; lastKnownFileType = sourcecode.swift; path = BobbaAlphaNumericFunAppUITests.swift; sourceTree = "<group>"; };
		741115052B6B1B4F00702BA4 /* BobbaAlphaNumericFunAppUITestsLaunchTests.swift */ = {isa = PBXFileReference; lastKnownFileType = sourcecode.swift; path = BobbaAlphaNumericFunAppUITestsLaunchTests.swift; sourceTree = "<group>"; };
/* End PBXFileReference section */

/* Begin PBXFrameworksBuildPhase section */
		741114DC2B6B1B4A00702BA4 /* Frameworks */ = {
			isa = PBXFrameworksBuildPhase;
			buildActionMask = 2147483647;
			files = (
				7414141A2B6DDC2400840DBD /* AnimatedGradientView in Frameworks */,
				741414172B6DD13300840DBD /* Lottie in Frameworks */,
			);
			runOnlyForDeploymentPostprocessing = 0;
		};
		741114F22B6B1B4F00702BA4 /* Frameworks */ = {
			isa = PBXFrameworksBuildPhase;
			buildActionMask = 2147483647;
			files = (
			);
			runOnlyForDeploymentPostprocessing = 0;
		};
		741114FC2B6B1B4F00702BA4 /* Frameworks */ = {
			isa = PBXFrameworksBuildPhase;
			buildActionMask = 2147483647;
			files = (
			);
			runOnlyForDeploymentPostprocessing = 0;
		};
/* End PBXFrameworksBuildPhase section */

/* Begin PBXGroup section */
		740659D42B6B397200133973 /* SupportingFiles */ = {
			isa = PBXGroup;
			children = (
				741114E22B6B1B4A00702BA4 /* AppDelegate.swift */,
				741114E42B6B1B4A00702BA4 /* SceneDelegate.swift */,
			);
			path = SupportingFiles;
			sourceTree = "<group>";
		};
		741114D62B6B1B4A00702BA4 = {
			isa = PBXGroup;
			children = (
				741114E12B6B1B4A00702BA4 /* BobbaAlphaNumericFunApp */,
				741114F82B6B1B4F00702BA4 /* BobbaAlphaNumericFunAppTests */,
				741115022B6B1B4F00702BA4 /* BobbaAlphaNumericFunAppUITests */,
				741114E02B6B1B4A00702BA4 /* Products */,
			);
			sourceTree = "<group>";
		};
		741114E02B6B1B4A00702BA4 /* Products */ = {
			isa = PBXGroup;
			children = (
				741114DF2B6B1B4A00702BA4 /* BobbaAlphaNumericFunApp.app */,
				741114F52B6B1B4F00702BA4 /* BobbaAlphaNumericFunAppTests.xctest */,
				741114FF2B6B1B4F00702BA4 /* BobbaAlphaNumericFunAppUITests.xctest */,
			);
			name = Products;
			sourceTree = "<group>";
		};
		741114E12B6B1B4A00702BA4 /* BobbaAlphaNumericFunApp */ = {
			isa = PBXGroup;
			children = (
				740659D42B6B397200133973 /* SupportingFiles */,
				741114E62B6B1B4A00702BA4 /* ViewController.swift */,
				741114E82B6B1B4A00702BA4 /* Main.storyboard */,
				740659D52B6C9DD700133973 /* AlphaNumericFunVCViewController.swift */,
				741114EB2B6B1B4F00702BA4 /* Assets.xcassets */,
				741114ED2B6B1B4F00702BA4 /* LaunchScreen.storyboard */,
				741114F02B6B1B4F00702BA4 /* Info.plist */,
			);
			path = BobbaAlphaNumericFunApp;
			sourceTree = "<group>";
		};
		741114F82B6B1B4F00702BA4 /* BobbaAlphaNumericFunAppTests */ = {
			isa = PBXGroup;
			children = (
				741114F92B6B1B4F00702BA4 /* BobbaAlphaNumericFunAppTests.swift */,
			);
			path = BobbaAlphaNumericFunAppTests;
			sourceTree = "<group>";
		};
		741115022B6B1B4F00702BA4 /* BobbaAlphaNumericFunAppUITests */ = {
			isa = PBXGroup;
			children = (
				741115032B6B1B4F00702BA4 /* BobbaAlphaNumericFunAppUITests.swift */,
				741115052B6B1B4F00702BA4 /* BobbaAlphaNumericFunAppUITestsLaunchTests.swift */,
			);
			path = BobbaAlphaNumericFunAppUITests;
			sourceTree = "<group>";
		};
/* End PBXGroup section */

/* Begin PBXNativeTarget section */
		741114DE2B6B1B4A00702BA4 /* BobbaAlphaNumericFunApp */ = {
			isa = PBXNativeTarget;
			buildConfigurationList = 741115092B6B1B4F00702BA4 /* Build configuration list for PBXNativeTarget "BobbaAlphaNumericFunApp" */;
			buildPhases = (
				741114DB2B6B1B4A00702BA4 /* Sources */,
				741114DC2B6B1B4A00702BA4 /* Frameworks */,
				741114DD2B6B1B4A00702BA4 /* Resources */,
			);
			buildRules = (
			);
			dependencies = (
			);
			name = BobbaAlphaNumericFunApp;
			packageProductDependencies = (
				741414162B6DD13300840DBD /* Lottie */,
				741414192B6DDC2400840DBD /* AnimatedGradientView */,
			);
			productName = BobbaAlphaNumericFunApp;
			productReference = 741114DF2B6B1B4A00702BA4 /* BobbaAlphaNumericFunApp.app */;
			productType = "com.apple.product-type.application";
		};
		741114F42B6B1B4F00702BA4 /* BobbaAlphaNumericFunAppTests */ = {
			isa = PBXNativeTarget;
			buildConfigurationList = 7411150C2B6B1B4F00702BA4 /* Build configuration list for PBXNativeTarget "BobbaAlphaNumericFunAppTests" */;
			buildPhases = (
				741114F12B6B1B4F00702BA4 /* Sources */,
				741114F22B6B1B4F00702BA4 /* Frameworks */,
				741114F32B6B1B4F00702BA4 /* Resources */,
			);
			buildRules = (
			);
			dependencies = (
				741114F72B6B1B4F00702BA4 /* PBXTargetDependency */,
			);
			name = BobbaAlphaNumericFunAppTests;
			productName = BobbaAlphaNumericFunAppTests;
			productReference = 741114F52B6B1B4F00702BA4 /* BobbaAlphaNumericFunAppTests.xctest */;
			productType = "com.apple.product-type.bundle.unit-test";
		};
		741114FE2B6B1B4F00702BA4 /* BobbaAlphaNumericFunAppUITests */ = {
			isa = PBXNativeTarget;
			buildConfigurationList = 7411150F2B6B1B4F00702BA4 /* Build configuration list for PBXNativeTarget "BobbaAlphaNumericFunAppUITests" */;
			buildPhases = (
				741114FB2B6B1B4F00702BA4 /* Sources */,
				741114FC2B6B1B4F00702BA4 /* Frameworks */,
				741114FD2B6B1B4F00702BA4 /* Resources */,
			);
			buildRules = (
			);
			dependencies = (
				741115012B6B1B4F00702BA4 /* PBXTargetDependency */,
			);
			name = BobbaAlphaNumericFunAppUITests;
			productName = BobbaAlphaNumericFunAppUITests;
			productReference = 741114FF2B6B1B4F00702BA4 /* BobbaAlphaNumericFunAppUITests.xctest */;
			productType = "com.apple.product-type.bundle.ui-testing";
		};
/* End PBXNativeTarget section */

/* Begin PBXProject section */
		741114D72B6B1B4A00702BA4 /* Project object */ = {
			isa = PBXProject;
			attributes = {
				BuildIndependentTargetsInParallel = 1;
				LastSwiftUpdateCheck = 1520;
				LastUpgradeCheck = 1520;
				TargetAttributes = {
					741114DE2B6B1B4A00702BA4 = {
						CreatedOnToolsVersion = 15.2;
					};
					741114F42B6B1B4F00702BA4 = {
						CreatedOnToolsVersion = 15.2;
						TestTargetID = 741114DE2B6B1B4A00702BA4;
					};
					741114FE2B6B1B4F00702BA4 = {
						CreatedOnToolsVersion = 15.2;
						TestTargetID = 741114DE2B6B1B4A00702BA4;
					};
				};
			};
			buildConfigurationList = 741114DA2B6B1B4A00702BA4 /* Build configuration list for PBXProject "BobbaAlphaNumericFunApp" */;
			compatibilityVersion = "Xcode 14.0";
			developmentRegion = en;
			hasScannedForEncodings = 0;
			knownRegions = (
				en,
				Base,
			);
			mainGroup = 741114D62B6B1B4A00702BA4;
			packageReferences = (
				741414152B6DD13300840DBD /* XCRemoteSwiftPackageReference "lottie-ios" */,
				741414182B6DDC2400840DBD /* XCRemoteSwiftPackageReference "AnimatedGradientView" */,
			);
			productRefGroup = 741114E02B6B1B4A00702BA4 /* Products */;
			projectDirPath = "";
			projectRoot = "";
			targets = (
				741114DE2B6B1B4A00702BA4 /* BobbaAlphaNumericFunApp */,
				741114F42B6B1B4F00702BA4 /* BobbaAlphaNumericFunAppTests */,
				741114FE2B6B1B4F00702BA4 /* BobbaAlphaNumericFunAppUITests */,
			);
		};
/* End PBXProject section */

/* Begin PBXResourcesBuildPhase section */
		741114DD2B6B1B4A00702BA4 /* Resources */ = {
			isa = PBXResourcesBuildPhase;
			buildActionMask = 2147483647;
			files = (
				741114EF2B6B1B4F00702BA4 /* LaunchScreen.storyboard in Resources */,
				741114EC2B6B1B4F00702BA4 /* Assets.xcassets in Resources */,
				741114EA2B6B1B4A00702BA4 /* Main.storyboard in Resources */,
			);
			runOnlyForDeploymentPostprocessing = 0;
		};
		741114F32B6B1B4F00702BA4 /* Resources */ = {
			isa = PBXResourcesBuildPhase;
			buildActionMask = 2147483647;
			files = (
			);
			runOnlyForDeploymentPostprocessing = 0;
		};
		741114FD2B6B1B4F00702BA4 /* Resources */ = {
			isa = PBXResourcesBuildPhase;
			buildActionMask = 2147483647;
			files = (
			);
			runOnlyForDeploymentPostprocessing = 0;
		};
/* End PBXResourcesBuildPhase section */

/* Begin PBXSourcesBuildPhase section */
		741114DB2B6B1B4A00702BA4 /* Sources */ = {
			isa = PBXSourcesBuildPhase;
			buildActionMask = 2147483647;
			files = (
				741114E72B6B1B4A00702BA4 /* ViewController.swift in Sources */,
				741114E32B6B1B4A00702BA4 /* AppDelegate.swift in Sources */,
				740659D62B6C9DD700133973 /* AlphaNumericFunVCViewController.swift in Sources */,
				741114E52B6B1B4A00702BA4 /* SceneDelegate.swift in Sources */,
			);
			runOnlyForDeploymentPostprocessing = 0;
		};
		741114F12B6B1B4F00702BA4 /* Sources */ = {
			isa = PBXSourcesBuildPhase;
			buildActionMask = 2147483647;
			files = (
				741114FA2B6B1B4F00702BA4 /* BobbaAlphaNumericFunAppTests.swift in Sources */,
			);
			runOnlyForDeploymentPostprocessing = 0;
		};
		741114FB2B6B1B4F00702BA4 /* Sources */ = {
			isa = PBXSourcesBuildPhase;
			buildActionMask = 2147483647;
			files = (
				741115062B6B1B4F00702BA4 /* BobbaAlphaNumericFunAppUITestsLaunchTests.swift in Sources */,
				741115042B6B1B4F00702BA4 /* BobbaAlphaNumericFunAppUITests.swift in Sources */,
			);
			runOnlyForDeploymentPostprocessing = 0;
		};
/* End PBXSourcesBuildPhase section */

/* Begin PBXTargetDependency section */
		741114F72B6B1B4F00702BA4 /* PBXTargetDependency */ = {
			isa = PBXTargetDependency;
			target = 741114DE2B6B1B4A00702BA4 /* BobbaAlphaNumericFunApp */;
			targetProxy = 741114F62B6B1B4F00702BA4 /* PBXContainerItemProxy */;
		};
		741115012B6B1B4F00702BA4 /* PBXTargetDependency */ = {
			isa = PBXTargetDependency;
			target = 741114DE2B6B1B4A00702BA4 /* BobbaAlphaNumericFunApp */;
			targetProxy = 741115002B6B1B4F00702BA4 /* PBXContainerItemProxy */;
		};
/* End PBXTargetDependency section */

/* Begin PBXVariantGroup section */
		741114E82B6B1B4A00702BA4 /* Main.storyboard */ = {
			isa = PBXVariantGroup;
			children = (
				741114E92B6B1B4A00702BA4 /* Base */,
			);
			name = Main.storyboard;
			sourceTree = "<group>";
		};
		741114ED2B6B1B4F00702BA4 /* LaunchScreen.storyboard */ = {
			isa = PBXVariantGroup;
			children = (
				741114EE2B6B1B4F00702BA4 /* Base */,
			);
			name = LaunchScreen.storyboard;
			sourceTree = "<group>";
		};
/* End PBXVariantGroup section */

/* Begin XCBuildConfiguration section */
		741115072B6B1B4F00702BA4 /* Debug */ = {
			isa = XCBuildConfiguration;
			buildSettings = {
				ALWAYS_SEARCH_USER_PATHS = NO;
				ASSETCATALOG_COMPILER_GENERATE_SWIFT_ASSET_SYMBOL_EXTENSIONS = YES;
				CLANG_ANALYZER_NONNULL = YES;
				CLANG_ANALYZER_NUMBER_OBJECT_CONVERSION = YES_AGGRESSIVE;
				CLANG_CXX_LANGUAGE_STANDARD = "gnu++20";
				CLANG_ENABLE_MODULES = YES;
				CLANG_ENABLE_OBJC_ARC = YES;
				CLANG_ENABLE_OBJC_WEAK = YES;
				CLANG_WARN_BLOCK_CAPTURE_AUTORELEASING = YES;
				CLANG_WARN_BOOL_CONVERSION = YES;
				CLANG_WARN_COMMA = YES;
				CLANG_WARN_CONSTANT_CONVERSION = YES;
				CLANG_WARN_DEPRECATED_OBJC_IMPLEMENTATIONS = YES;
				CLANG_WARN_DIRECT_OBJC_ISA_USAGE = YES_ERROR;
				CLANG_WARN_DOCUMENTATION_COMMENTS = YES;
				CLANG_WARN_EMPTY_BODY = YES;
				CLANG_WARN_ENUM_CONVERSION = YES;
				CLANG_WARN_INFINITE_RECURSION = YES;
				CLANG_WARN_INT_CONVERSION = YES;
				CLANG_WARN_NON_LITERAL_NULL_CONVERSION = YES;
				CLANG_WARN_OBJC_IMPLICIT_RETAIN_SELF = YES;
				CLANG_WARN_OBJC_LITERAL_CONVERSION = YES;
				CLANG_WARN_OBJC_ROOT_CLASS = YES_ERROR;
				CLANG_WARN_QUOTED_INCLUDE_IN_FRAMEWORK_HEADER = YES;
				CLANG_WARN_RANGE_LOOP_ANALYSIS = YES;
				CLANG_WARN_STRICT_PROTOTYPES = YES;
				CLANG_WARN_SUSPICIOUS_MOVE = YES;
				CLANG_WARN_UNGUARDED_AVAILABILITY = YES_AGGRESSIVE;
				CLANG_WARN_UNREACHABLE_CODE = YES;
				CLANG_WARN__DUPLICATE_METHOD_MATCH = YES;
				COPY_PHASE_STRIP = NO;
				DEBUG_INFORMATION_FORMAT = dwarf;
				ENABLE_STRICT_OBJC_MSGSEND = YES;
				ENABLE_TESTABILITY = YES;
				ENABLE_USER_SCRIPT_SANDBOXING = YES;
				GCC_C_LANGUAGE_STANDARD = gnu17;
				GCC_DYNAMIC_NO_PIC = NO;
				GCC_NO_COMMON_BLOCKS = YES;
				GCC_OPTIMIZATION_LEVEL = 0;
				GCC_PREPROCESSOR_DEFINITIONS = (
					"DEBUG=1",
					"$(inherited)",
				);
				GCC_WARN_64_TO_32_BIT_CONVERSION = YES;
				GCC_WARN_ABOUT_RETURN_TYPE = YES_ERROR;
				GCC_WARN_UNDECLARED_SELECTOR = YES;
				GCC_WARN_UNINITIALIZED_AUTOS = YES_AGGRESSIVE;
				GCC_WARN_UNUSED_FUNCTION = YES;
				GCC_WARN_UNUSED_VARIABLE = YES;
				IPHONEOS_DEPLOYMENT_TARGET = 17.2;
				LOCALIZATION_PREFERS_STRING_CATALOGS = YES;
				MTL_ENABLE_DEBUG_INFO = INCLUDE_SOURCE;
				MTL_FAST_MATH = YES;
				ONLY_ACTIVE_ARCH = YES;
				SDKROOT = iphoneos;
				SWIFT_ACTIVE_COMPILATION_CONDITIONS = "DEBUG $(inherited)";
				SWIFT_OPTIMIZATION_LEVEL = "-Onone";
			};
			name = Debug;
		};
		741115082B6B1B4F00702BA4 /* Release */ = {
			isa = XCBuildConfiguration;
			buildSettings = {
				ALWAYS_SEARCH_USER_PATHS = NO;
				ASSETCATALOG_COMPILER_GENERATE_SWIFT_ASSET_SYMBOL_EXTENSIONS = YES;
				CLANG_ANALYZER_NONNULL = YES;
				CLANG_ANALYZER_NUMBER_OBJECT_CONVERSION = YES_AGGRESSIVE;
				CLANG_CXX_LANGUAGE_STANDARD = "gnu++20";
				CLANG_ENABLE_MODULES = YES;
				CLANG_ENABLE_OBJC_ARC = YES;
				CLANG_ENABLE_OBJC_WEAK = YES;
				CLANG_WARN_BLOCK_CAPTURE_AUTORELEASING = YES;
				CLANG_WARN_BOOL_CONVERSION = YES;
				CLANG_WARN_COMMA = YES;
				CLANG_WARN_CONSTANT_CONVERSION = YES;
				CLANG_WARN_DEPRECATED_OBJC_IMPLEMENTATIONS = YES;
				CLANG_WARN_DIRECT_OBJC_ISA_USAGE = YES_ERROR;
				CLANG_WARN_DOCUMENTATION_COMMENTS = YES;
				CLANG_WARN_EMPTY_BODY = YES;
				CLANG_WARN_ENUM_CONVERSION = YES;
				CLANG_WARN_INFINITE_RECURSION = YES;
				CLANG_WARN_INT_CONVERSION = YES;
				CLANG_WARN_NON_LITERAL_NULL_CONVERSION = YES;
				CLANG_WARN_OBJC_IMPLICIT_RETAIN_SELF = YES;
				CLANG_WARN_OBJC_LITERAL_CONVERSION = YES;
				CLANG_WARN_OBJC_ROOT_CLASS = YES_ERROR;
				CLANG_WARN_QUOTED_INCLUDE_IN_FRAMEWORK_HEADER = YES;
				CLANG_WARN_RANGE_LOOP_ANALYSIS = YES;
				CLANG_WARN_STRICT_PROTOTYPES = YES;
				CLANG_WARN_SUSPICIOUS_MOVE = YES;
				CLANG_WARN_UNGUARDED_AVAILABILITY = YES_AGGRESSIVE;
				CLANG_WARN_UNREACHABLE_CODE = YES;
				CLANG_WARN__DUPLICATE_METHOD_MATCH = YES;
				COPY_PHASE_STRIP = NO;
				DEBUG_INFORMATION_FORMAT = "dwarf-with-dsym";
				ENABLE_NS_ASSERTIONS = NO;
				ENABLE_STRICT_OBJC_MSGSEND = YES;
				ENABLE_USER_SCRIPT_SANDBOXING = YES;
				GCC_C_LANGUAGE_STANDARD = gnu17;
				GCC_NO_COMMON_BLOCKS = YES;
				GCC_WARN_64_TO_32_BIT_CONVERSION = YES;
				GCC_WARN_ABOUT_RETURN_TYPE = YES_ERROR;
				GCC_WARN_UNDECLARED_SELECTOR = YES;
				GCC_WARN_UNINITIALIZED_AUTOS = YES_AGGRESSIVE;
				GCC_WARN_UNUSED_FUNCTION = YES;
				GCC_WARN_UNUSED_VARIABLE = YES;
				IPHONEOS_DEPLOYMENT_TARGET = 17.2;
				LOCALIZATION_PREFERS_STRING_CATALOGS = YES;
				MTL_ENABLE_DEBUG_INFO = NO;
				MTL_FAST_MATH = YES;
				SDKROOT = iphoneos;
				SWIFT_COMPILATION_MODE = wholemodule;
				VALIDATE_PRODUCT = YES;
			};
			name = Release;
		};
		7411150A2B6B1B4F00702BA4 /* Debug */ = {
			isa = XCBuildConfiguration;
			buildSettings = {
				ASSETCATALOG_COMPILER_APPICON_NAME = AppIcon;
				ASSETCATALOG_COMPILER_GLOBAL_ACCENT_COLOR_NAME = AccentColor;
				CODE_SIGN_STYLE = Automatic;
				CURRENT_PROJECT_VERSION = 1;
				GENERATE_INFOPLIST_FILE = YES;
				INFOPLIST_FILE = BobbaAlphaNumericFunApp/Info.plist;
				INFOPLIST_KEY_UIApplicationSupportsIndirectInputEvents = YES;
				INFOPLIST_KEY_UILaunchStoryboardName = LaunchScreen;
				INFOPLIST_KEY_UIMainStoryboardFile = Main;
				INFOPLIST_KEY_UISupportedInterfaceOrientations_iPad = "UIInterfaceOrientationPortrait UIInterfaceOrientationPortraitUpsideDown UIInterfaceOrientationLandscapeLeft UIInterfaceOrientationLandscapeRight";
				INFOPLIST_KEY_UISupportedInterfaceOrientations_iPhone = "UIInterfaceOrientationPortrait UIInterfaceOrientationLandscapeLeft UIInterfaceOrientationLandscapeRight";
				LD_RUNPATH_SEARCH_PATHS = (
					"$(inherited)",
					"@executable_path/Frameworks",
				);
				MARKETING_VERSION = 1.0;
				PRODUCT_BUNDLE_IDENTIFIER = edu.nwmissouri.spring24.cs44643.sec04.BobbaAlphaNumericFunApp;
				PRODUCT_NAME = "$(TARGET_NAME)";
				SWIFT_EMIT_LOC_STRINGS = YES;
				SWIFT_VERSION = 5.0;
				TARGETED_DEVICE_FAMILY = "1,2";
			};
			name = Debug;
		};
		7411150B2B6B1B4F00702BA4 /* Release */ = {
			isa = XCBuildConfiguration;
			buildSettings = {
				ASSETCATALOG_COMPILER_APPICON_NAME = AppIcon;
				ASSETCATALOG_COMPILER_GLOBAL_ACCENT_COLOR_NAME = AccentColor;
				CODE_SIGN_STYLE = Automatic;
				CURRENT_PROJECT_VERSION = 1;
				GENERATE_INFOPLIST_FILE = YES;
				INFOPLIST_FILE = BobbaAlphaNumericFunApp/Info.plist;
				INFOPLIST_KEY_UIApplicationSupportsIndirectInputEvents = YES;
				INFOPLIST_KEY_UILaunchStoryboardName = LaunchScreen;
				INFOPLIST_KEY_UIMainStoryboardFile = Main;
				INFOPLIST_KEY_UISupportedInterfaceOrientations_iPad = "UIInterfaceOrientationPortrait UIInterfaceOrientationPortraitUpsideDown UIInterfaceOrientationLandscapeLeft UIInterfaceOrientationLandscapeRight";
				INFOPLIST_KEY_UISupportedInterfaceOrientations_iPhone = "UIInterfaceOrientationPortrait UIInterfaceOrientationLandscapeLeft UIInterfaceOrientationLandscapeRight";
				LD_RUNPATH_SEARCH_PATHS = (
					"$(inherited)",
					"@executable_path/Frameworks",
				);
				MARKETING_VERSION = 1.0;
				PRODUCT_BUNDLE_IDENTIFIER = edu.nwmissouri.spring24.cs44643.sec04.BobbaAlphaNumericFunApp;
				PRODUCT_NAME = "$(TARGET_NAME)";
				SWIFT_EMIT_LOC_STRINGS = YES;
				SWIFT_VERSION = 5.0;
				TARGETED_DEVICE_FAMILY = "1,2";
			};
			name = Release;
		};
		7411150D2B6B1B4F00702BA4 /* Debug */ = {
			isa = XCBuildConfiguration;
			buildSettings = {
				ALWAYS_EMBED_SWIFT_STANDARD_LIBRARIES = YES;
				BUNDLE_LOADER = "$(TEST_HOST)";
				CODE_SIGN_STYLE = Automatic;
				CURRENT_PROJECT_VERSION = 1;
				GENERATE_INFOPLIST_FILE = YES;
				IPHONEOS_DEPLOYMENT_TARGET = 17.2;
				MARKETING_VERSION = 1.0;
				PRODUCT_BUNDLE_IDENTIFIER = edu.nwmissouri.spring24.cs44643.sec04.BobbaAlphaNumericFunAppTests;
				PRODUCT_NAME = "$(TARGET_NAME)";
				SWIFT_EMIT_LOC_STRINGS = NO;
				SWIFT_VERSION = 5.0;
				TARGETED_DEVICE_FAMILY = "1,2";
				TEST_HOST = "$(BUILT_PRODUCTS_DIR)/BobbaAlphaNumericFunApp.app/$(BUNDLE_EXECUTABLE_FOLDER_PATH)/BobbaAlphaNumericFunApp";
			};
			name = Debug;
		};
		7411150E2B6B1B4F00702BA4 /* Release */ = {
			isa = XCBuildConfiguration;
			buildSettings = {
				ALWAYS_EMBED_SWIFT_STANDARD_LIBRARIES = YES;
				BUNDLE_LOADER = "$(TEST_HOST)";
				CODE_SIGN_STYLE = Automatic;
				CURRENT_PROJECT_VERSION = 1;
				GENERATE_INFOPLIST_FILE = YES;
				IPHONEOS_DEPLOYMENT_TARGET = 17.2;
				MARKETING_VERSION = 1.0;
				PRODUCT_BUNDLE_IDENTIFIER = edu.nwmissouri.spring24.cs44643.sec04.BobbaAlphaNumericFunAppTests;
				PRODUCT_NAME = "$(TARGET_NAME)";
				SWIFT_EMIT_LOC_STRINGS = NO;
				SWIFT_VERSION = 5.0;
				TARGETED_DEVICE_FAMILY = "1,2";
				TEST_HOST = "$(BUILT_PRODUCTS_DIR)/BobbaAlphaNumericFunApp.app/$(BUNDLE_EXECUTABLE_FOLDER_PATH)/BobbaAlphaNumericFunApp";
			};
			name = Release;
		};
		741115102B6B1B4F00702BA4 /* Debug */ = {
			isa = XCBuildConfiguration;
			buildSettings = {
				ALWAYS_EMBED_SWIFT_STANDARD_LIBRARIES = YES;
				CODE_SIGN_STYLE = Automatic;
				CURRENT_PROJECT_VERSION = 1;
				GENERATE_INFOPLIST_FILE = YES;
				MARKETING_VERSION = 1.0;
				PRODUCT_BUNDLE_IDENTIFIER = edu.nwmissouri.spring24.cs44643.sec04.BobbaAlphaNumericFunAppUITests;
				PRODUCT_NAME = "$(TARGET_NAME)";
				SWIFT_EMIT_LOC_STRINGS = NO;
				SWIFT_VERSION = 5.0;
				TARGETED_DEVICE_FAMILY = "1,2";
				TEST_TARGET_NAME = BobbaAlphaNumericFunApp;
			};
			name = Debug;
		};
		741115112B6B1B4F00702BA4 /* Release */ = {
			isa = XCBuildConfiguration;
			buildSettings = {
				ALWAYS_EMBED_SWIFT_STANDARD_LIBRARIES = YES;
				CODE_SIGN_STYLE = Automatic;
				CURRENT_PROJECT_VERSION = 1;
				GENERATE_INFOPLIST_FILE = YES;
				MARKETING_VERSION = 1.0;
				PRODUCT_BUNDLE_IDENTIFIER = edu.nwmissouri.spring24.cs44643.sec04.BobbaAlphaNumericFunAppUITests;
				PRODUCT_NAME = "$(TARGET_NAME)";
				SWIFT_EMIT_LOC_STRINGS = NO;
				SWIFT_VERSION = 5.0;
				TARGETED_DEVICE_FAMILY = "1,2";
				TEST_TARGET_NAME = BobbaAlphaNumericFunApp;
			};
			name = Release;
		};
/* End XCBuildConfiguration section */

/* Begin XCConfigurationList section */
		741114DA2B6B1B4A00702BA4 /* Build configuration list for PBXProject "BobbaAlphaNumericFunApp" */ = {
			isa = XCConfigurationList;
			buildConfigurations = (
				741115072B6B1B4F00702BA4 /* Debug */,
				741115082B6B1B4F00702BA4 /* Release */,
			);
			defaultConfigurationIsVisible = 0;
			defaultConfigurationName = Release;
		};
		741115092B6B1B4F00702BA4 /* Build configuration list for PBXNativeTarget "BobbaAlphaNumericFunApp" */ = {
			isa = XCConfigurationList;
			buildConfigurations = (
				7411150A2B6B1B4F00702BA4 /* Debug */,
				7411150B2B6B1B4F00702BA4 /* Release */,
			);
			defaultConfigurationIsVisible = 0;
			defaultConfigurationName = Release;
		};
		7411150C2B6B1B4F00702BA4 /* Build configuration list for PBXNativeTarget "BobbaAlphaNumericFunAppTests" */ = {
			isa = XCConfigurationList;
			buildConfigurations = (
				7411150D2B6B1B4F00702BA4 /* Debug */,
				7411150E2B6B1B4F00702BA4 /* Release */,
			);
			defaultConfigurationIsVisible = 0;
			defaultConfigurationName = Release;
		};
		7411150F2B6B1B4F00702BA4 /* Build configuration list for PBXNativeTarget "BobbaAlphaNumericFunAppUITests" */ = {
			isa = XCConfigurationList;
			buildConfigurations = (
				741115102B6B1B4F00702BA4 /* Debug */,
				741115112B6B1B4F00702BA4 /* Release */,
			);
			defaultConfigurationIsVisible = 0;
			defaultConfigurationName = Release;
		};
/* End XCConfigurationList section */

/* Begin XCRemoteSwiftPackageReference section */
		741414152B6DD13300840DBD /* XCRemoteSwiftPackageReference "lottie-ios" */ = {
			isa = XCRemoteSwiftPackageReference;
			repositoryURL = "https://github.com/airbnb/lottie-ios.git";
			requirement = {
				kind = upToNextMajorVersion;
				minimumVersion = 4.4.0;
			};
		};
		741414182B6DDC2400840DBD /* XCRemoteSwiftPackageReference "AnimatedGradientView" */ = {
			isa = XCRemoteSwiftPackageReference;
			repositoryURL = "https://github.com/rwbutler/AnimatedGradientView.git";
			requirement = {
				kind = upToNextMajorVersion;
				minimumVersion = 3.1.1;
			};
		};
/* End XCRemoteSwiftPackageReference section */

/* Begin XCSwiftPackageProductDependency section */
		741414162B6DD13300840DBD /* Lottie */ = {
			isa = XCSwiftPackageProductDependency;
			package = 741414152B6DD13300840DBD /* XCRemoteSwiftPackageReference "lottie-ios" */;
			productName = Lottie;
		};
		741414192B6DDC2400840DBD /* AnimatedGradientView */ = {
			isa = XCSwiftPackageProductDependency;
			package = 741414182B6DDC2400840DBD /* XCRemoteSwiftPackageReference "AnimatedGradientView" */;
			productName = AnimatedGradientView;
		};
/* End XCSwiftPackageProductDependency section */
	};
	rootObject = 741114D72B6B1B4A00702BA4 /* Project object */;
}
