// !$*UTF8*$!
{
	archiveVersion = 1;
	classes = {
	};
	objectVersion = 56;
	objects = {

/* Begin PBXBuildFile section */
		7410660E2B85B27D00BCC9D0 /* AppDelegate.swift in Sources */ = {isa = PBXBuildFile; fileRef = 7410660D2B85B27D00BCC9D0 /* AppDelegate.swift */; };
		741066102B85B27D00BCC9D0 /* SceneDelegate.swift in Sources */ = {isa = PBXBuildFile; fileRef = 7410660F2B85B27D00BCC9D0 /* SceneDelegate.swift */; };
		741066122B85B27D00BCC9D0 /* ViewController.swift in Sources */ = {isa = PBXBuildFile; fileRef = 741066112B85B27D00BCC9D0 /* ViewController.swift */; };
		741066152B85B27D00BCC9D0 /* Main.storyboard in Resources */ = {isa = PBXBuildFile; fileRef = 741066132B85B27D00BCC9D0 /* Main.storyboard */; };
		741066172B85B27E00BCC9D0 /* Assets.xcassets in Resources */ = {isa = PBXBuildFile; fileRef = 741066162B85B27E00BCC9D0 /* Assets.xcassets */; };
		7410661A2B85B27E00BCC9D0 /* LaunchScreen.storyboard in Resources */ = {isa = PBXBuildFile; fileRef = 741066182B85B27E00BCC9D0 /* LaunchScreen.storyboard */; };
		741066252B85B27F00BCC9D0 /* _4643Sec04Team03Spring2024FinalProjectTests.swift in Sources */ = {isa = PBXBuildFile; fileRef = 741066242B85B27F00BCC9D0 /* _4643Sec04Team03Spring2024FinalProjectTests.swift */; };
		7410662F2B85B27F00BCC9D0 /* _4643Sec04Team03Spring2024FinalProjectUITests.swift in Sources */ = {isa = PBXBuildFile; fileRef = 7410662E2B85B27F00BCC9D0 /* _4643Sec04Team03Spring2024FinalProjectUITests.swift */; };
		741066312B85B27F00BCC9D0 /* _4643Sec04Team03Spring2024FinalProjectUITestsLaunchTests.swift in Sources */ = {isa = PBXBuildFile; fileRef = 741066302B85B27F00BCC9D0 /* _4643Sec04Team03Spring2024FinalProjectUITestsLaunchTests.swift */; };
		7444A0762B9AB91100A73844 /* SignuppageScreen2.swift in Sources */ = {isa = PBXBuildFile; fileRef = 7444A0752B9AB91100A73844 /* SignuppageScreen2.swift */; };
		74B31DC92BC84C3000EC1E83 /* DoctorDetailsScreen.swift in Sources */ = {isa = PBXBuildFile; fileRef = 74B31DC82BC84C3000EC1E83 /* DoctorDetailsScreen.swift */; };
		74C620D52BB451EA000350BF /* DoctorLoginPage.swift in Sources */ = {isa = PBXBuildFile; fileRef = 74C620D42BB451EA000350BF /* DoctorLoginPage.swift */; };
		DA5CB1272BB7905B00B3BA0F /* PatientsDetails.swift in Sources */ = {isa = PBXBuildFile; fileRef = DA5CB1262BB7905B00B3BA0F /* PatientsDetails.swift */; };
		DA9C38922B898BBF009B23FA /* Lottie in Frameworks */ = {isa = PBXBuildFile; productRef = DA9C38912B898BBF009B23FA /* Lottie */; };
/* End PBXBuildFile section */

/* Begin PBXContainerItemProxy section */
		741066212B85B27F00BCC9D0 /* PBXContainerItemProxy */ = {
			isa = PBXContainerItemProxy;
			containerPortal = 741066022B85B27D00BCC9D0 /* Project object */;
			proxyType = 1;
			remoteGlobalIDString = 741066092B85B27D00BCC9D0;
			remoteInfo = 44643Sec04Team03Spring2024FinalProject;
		};
		7410662B2B85B27F00BCC9D0 /* PBXContainerItemProxy */ = {
			isa = PBXContainerItemProxy;
			containerPortal = 741066022B85B27D00BCC9D0 /* Project object */;
			proxyType = 1;
			remoteGlobalIDString = 741066092B85B27D00BCC9D0;
			remoteInfo = 44643Sec04Team03Spring2024FinalProject;
		};
/* End PBXContainerItemProxy section */

/* Begin PBXFileReference section */
		7410660A2B85B27D00BCC9D0 /* 44643Sec04Team03Spring2024FinalProject.app */ = {isa = PBXFileReference; explicitFileType = wrapper.application; includeInIndex = 0; path = 44643Sec04Team03Spring2024FinalProject.app; sourceTree = BUILT_PRODUCTS_DIR; };
		7410660D2B85B27D00BCC9D0 /* AppDelegate.swift */ = {isa = PBXFileReference; lastKnownFileType = sourcecode.swift; path = AppDelegate.swift; sourceTree = "<group>"; };
		7410660F2B85B27D00BCC9D0 /* SceneDelegate.swift */ = {isa = PBXFileReference; lastKnownFileType = sourcecode.swift; path = SceneDelegate.swift; sourceTree = "<group>"; };
		741066112B85B27D00BCC9D0 /* ViewController.swift */ = {isa = PBXFileReference; lastKnownFileType = sourcecode.swift; path = ViewController.swift; sourceTree = "<group>"; };
		741066142B85B27D00BCC9D0 /* Base */ = {isa = PBXFileReference; lastKnownFileType = file.storyboard; name = Base; path = Base.lproj/Main.storyboard; sourceTree = "<group>"; };
		741066162B85B27E00BCC9D0 /* Assets.xcassets */ = {isa = PBXFileReference; lastKnownFileType = folder.assetcatalog; path = Assets.xcassets; sourceTree = "<group>"; };
		741066192B85B27E00BCC9D0 /* Base */ = {isa = PBXFileReference; lastKnownFileType = file.storyboard; name = Base; path = Base.lproj/LaunchScreen.storyboard; sourceTree = "<group>"; };
		7410661B2B85B27E00BCC9D0 /* Info.plist */ = {isa = PBXFileReference; lastKnownFileType = text.plist.xml; path = Info.plist; sourceTree = "<group>"; };
		741066202B85B27F00BCC9D0 /* 44643Sec04Team03Spring2024FinalProjectTests.xctest */ = {isa = PBXFileReference; explicitFileType = wrapper.cfbundle; includeInIndex = 0; path = 44643Sec04Team03Spring2024FinalProjectTests.xctest; sourceTree = BUILT_PRODUCTS_DIR; };
		741066242B85B27F00BCC9D0 /* _4643Sec04Team03Spring2024FinalProjectTests.swift */ = {isa = PBXFileReference; lastKnownFileType = sourcecode.swift; path = _4643Sec04Team03Spring2024FinalProjectTests.swift; sourceTree = "<group>"; };
		7410662A2B85B27F00BCC9D0 /* 44643Sec04Team03Spring2024FinalProjectUITests.xctest */ = {isa = PBXFileReference; explicitFileType = wrapper.cfbundle; includeInIndex = 0; path = 44643Sec04Team03Spring2024FinalProjectUITests.xctest; sourceTree = BUILT_PRODUCTS_DIR; };
		7410662E2B85B27F00BCC9D0 /* _4643Sec04Team03Spring2024FinalProjectUITests.swift */ = {isa = PBXFileReference; lastKnownFileType = sourcecode.swift; path = _4643Sec04Team03Spring2024FinalProjectUITests.swift; sourceTree = "<group>"; };
		741066302B85B27F00BCC9D0 /* _4643Sec04Team03Spring2024FinalProjectUITestsLaunchTests.swift */ = {isa = PBXFileReference; lastKnownFileType = sourcecode.swift; path = _4643Sec04Team03Spring2024FinalProjectUITestsLaunchTests.swift; sourceTree = "<group>"; };
		7444A0752B9AB91100A73844 /* SignuppageScreen2.swift */ = {isa = PBXFileReference; lastKnownFileType = sourcecode.swift; path = SignuppageScreen2.swift; sourceTree = "<group>"; };
		74B31DC82BC84C3000EC1E83 /* DoctorDetailsScreen.swift */ = {isa = PBXFileReference; lastKnownFileType = sourcecode.swift; path = DoctorDetailsScreen.swift; sourceTree = "<group>"; };
		74C620D42BB451EA000350BF /* DoctorLoginPage.swift */ = {isa = PBXFileReference; lastKnownFileType = sourcecode.swift; path = DoctorLoginPage.swift; sourceTree = "<group>"; };
		DA5CB1262BB7905B00B3BA0F /* PatientsDetails.swift */ = {isa = PBXFileReference; lastKnownFileType = sourcecode.swift; path = PatientsDetails.swift; sourceTree = "<group>"; };
/* End PBXFileReference section */

/* Begin PBXFrameworksBuildPhase section */
		741066072B85B27D00BCC9D0 /* Frameworks */ = {
			isa = PBXFrameworksBuildPhase;
			buildActionMask = 2147483647;
			files = (
				DA9C38922B898BBF009B23FA /* Lottie in Frameworks */,
			);
			runOnlyForDeploymentPostprocessing = 0;
		};
		7410661D2B85B27F00BCC9D0 /* Frameworks */ = {
			isa = PBXFrameworksBuildPhase;
			buildActionMask = 2147483647;
			files = (
			);
			runOnlyForDeploymentPostprocessing = 0;
		};
		741066272B85B27F00BCC9D0 /* Frameworks */ = {
			isa = PBXFrameworksBuildPhase;
			buildActionMask = 2147483647;
			files = (
			);
			runOnlyForDeploymentPostprocessing = 0;
		};
/* End PBXFrameworksBuildPhase section */

/* Begin PBXGroup section */
		741066012B85B27D00BCC9D0 = {
			isa = PBXGroup;
			children = (
				7410660C2B85B27D00BCC9D0 /* 44643Sec04Team03Spring2024FinalProject */,
				741066232B85B27F00BCC9D0 /* 44643Sec04Team03Spring2024FinalProjectTests */,
				7410662D2B85B27F00BCC9D0 /* 44643Sec04Team03Spring2024FinalProjectUITests */,
				7410660B2B85B27D00BCC9D0 /* Products */,
			);
			sourceTree = "<group>";
		};
		7410660B2B85B27D00BCC9D0 /* Products */ = {
			isa = PBXGroup;
			children = (
				7410660A2B85B27D00BCC9D0 /* 44643Sec04Team03Spring2024FinalProject.app */,
				741066202B85B27F00BCC9D0 /* 44643Sec04Team03Spring2024FinalProjectTests.xctest */,
				7410662A2B85B27F00BCC9D0 /* 44643Sec04Team03Spring2024FinalProjectUITests.xctest */,
			);
			name = Products;
			sourceTree = "<group>";
		};
		7410660C2B85B27D00BCC9D0 /* 44643Sec04Team03Spring2024FinalProject */ = {
			isa = PBXGroup;
			children = (
				74C63C3E2B8919C700CFC8A4 /* SupportingFiles */,
				741066112B85B27D00BCC9D0 /* ViewController.swift */,
				7444A0752B9AB91100A73844 /* SignuppageScreen2.swift */,
				741066132B85B27D00BCC9D0 /* Main.storyboard */,
				74B31DC82BC84C3000EC1E83 /* DoctorDetailsScreen.swift */,
				DA5CB1262BB7905B00B3BA0F /* PatientsDetails.swift */,
				74C620D42BB451EA000350BF /* DoctorLoginPage.swift */,
				741066182B85B27E00BCC9D0 /* LaunchScreen.storyboard */,
				741066162B85B27E00BCC9D0 /* Assets.xcassets */,
				7410661B2B85B27E00BCC9D0 /* Info.plist */,
			);
			path = 44643Sec04Team03Spring2024FinalProject;
			sourceTree = "<group>";
		};
		741066232B85B27F00BCC9D0 /* 44643Sec04Team03Spring2024FinalProjectTests */ = {
			isa = PBXGroup;
			children = (
				741066242B85B27F00BCC9D0 /* _4643Sec04Team03Spring2024FinalProjectTests.swift */,
			);
			path = 44643Sec04Team03Spring2024FinalProjectTests;
			sourceTree = "<group>";
		};
		7410662D2B85B27F00BCC9D0 /* 44643Sec04Team03Spring2024FinalProjectUITests */ = {
			isa = PBXGroup;
			children = (
				7410662E2B85B27F00BCC9D0 /* _4643Sec04Team03Spring2024FinalProjectUITests.swift */,
				741066302B85B27F00BCC9D0 /* _4643Sec04Team03Spring2024FinalProjectUITestsLaunchTests.swift */,
			);
			path = 44643Sec04Team03Spring2024FinalProjectUITests;
			sourceTree = "<group>";
		};
		74C63C3E2B8919C700CFC8A4 /* SupportingFiles */ = {
			isa = PBXGroup;
			children = (
				7410660D2B85B27D00BCC9D0 /* AppDelegate.swift */,
				7410660F2B85B27D00BCC9D0 /* SceneDelegate.swift */,
			);
			path = SupportingFiles;
			sourceTree = "<group>";
		};
/* End PBXGroup section */

/* Begin PBXNativeTarget section */
		741066092B85B27D00BCC9D0 /* 44643Sec04Team03Spring2024FinalProject */ = {
			isa = PBXNativeTarget;
			buildConfigurationList = 741066342B85B27F00BCC9D0 /* Build configuration list for PBXNativeTarget "44643Sec04Team03Spring2024FinalProject" */;
			buildPhases = (
				741066062B85B27D00BCC9D0 /* Sources */,
				741066072B85B27D00BCC9D0 /* Frameworks */,
				741066082B85B27D00BCC9D0 /* Resources */,
			);
			buildRules = (
			);
			dependencies = (
			);
			name = 44643Sec04Team03Spring2024FinalProject;
			packageProductDependencies = (
				DA9C38912B898BBF009B23FA /* Lottie */,
			);
			productName = 44643Sec04Team03Spring2024FinalProject;
			productReference = 7410660A2B85B27D00BCC9D0 /* 44643Sec04Team03Spring2024FinalProject.app */;
			productType = "com.apple.product-type.application";
		};
		7410661F2B85B27F00BCC9D0 /* 44643Sec04Team03Spring2024FinalProjectTests */ = {
			isa = PBXNativeTarget;
			buildConfigurationList = 741066372B85B27F00BCC9D0 /* Build configuration list for PBXNativeTarget "44643Sec04Team03Spring2024FinalProjectTests" */;
			buildPhases = (
				7410661C2B85B27F00BCC9D0 /* Sources */,
				7410661D2B85B27F00BCC9D0 /* Frameworks */,
				7410661E2B85B27F00BCC9D0 /* Resources */,
			);
			buildRules = (
			);
			dependencies = (
				741066222B85B27F00BCC9D0 /* PBXTargetDependency */,
			);
			name = 44643Sec04Team03Spring2024FinalProjectTests;
			productName = 44643Sec04Team03Spring2024FinalProjectTests;
			productReference = 741066202B85B27F00BCC9D0 /* 44643Sec04Team03Spring2024FinalProjectTests.xctest */;
			productType = "com.apple.product-type.bundle.unit-test";
		};
		741066292B85B27F00BCC9D0 /* 44643Sec04Team03Spring2024FinalProjectUITests */ = {
			isa = PBXNativeTarget;
			buildConfigurationList = 7410663A2B85B27F00BCC9D0 /* Build configuration list for PBXNativeTarget "44643Sec04Team03Spring2024FinalProjectUITests" */;
			buildPhases = (
				741066262B85B27F00BCC9D0 /* Sources */,
				741066272B85B27F00BCC9D0 /* Frameworks */,
				741066282B85B27F00BCC9D0 /* Resources */,
			);
			buildRules = (
			);
			dependencies = (
				7410662C2B85B27F00BCC9D0 /* PBXTargetDependency */,
			);
			name = 44643Sec04Team03Spring2024FinalProjectUITests;
			productName = 44643Sec04Team03Spring2024FinalProjectUITests;
			productReference = 7410662A2B85B27F00BCC9D0 /* 44643Sec04Team03Spring2024FinalProjectUITests.xctest */;
			productType = "com.apple.product-type.bundle.ui-testing";
		};
/* End PBXNativeTarget section */

/* Begin PBXProject section */
		741066022B85B27D00BCC9D0 /* Project object */ = {
			isa = PBXProject;
			attributes = {
				BuildIndependentTargetsInParallel = 1;
				LastSwiftUpdateCheck = 1520;
				LastUpgradeCheck = 1520;
				TargetAttributes = {
					741066092B85B27D00BCC9D0 = {
						CreatedOnToolsVersion = 15.2;
					};
					7410661F2B85B27F00BCC9D0 = {
						CreatedOnToolsVersion = 15.2;
						TestTargetID = 741066092B85B27D00BCC9D0;
					};
					741066292B85B27F00BCC9D0 = {
						CreatedOnToolsVersion = 15.2;
						TestTargetID = 741066092B85B27D00BCC9D0;
					};
				};
			};
			buildConfigurationList = 741066052B85B27D00BCC9D0 /* Build configuration list for PBXProject "44643Sec04Team03Spring2024FinalProject" */;
			compatibilityVersion = "Xcode 14.0";
			developmentRegion = en;
			hasScannedForEncodings = 0;
			knownRegions = (
				en,
				Base,
			);
			mainGroup = 741066012B85B27D00BCC9D0;
			packageReferences = (
				DA9C38902B898BBF009B23FA /* XCRemoteSwiftPackageReference "lottie-ios" */,
			);
			productRefGroup = 7410660B2B85B27D00BCC9D0 /* Products */;
			projectDirPath = "";
			projectRoot = "";
			targets = (
				741066092B85B27D00BCC9D0 /* 44643Sec04Team03Spring2024FinalProject */,
				7410661F2B85B27F00BCC9D0 /* 44643Sec04Team03Spring2024FinalProjectTests */,
				741066292B85B27F00BCC9D0 /* 44643Sec04Team03Spring2024FinalProjectUITests */,
			);
		};
/* End PBXProject section */

/* Begin PBXResourcesBuildPhase section */
		741066082B85B27D00BCC9D0 /* Resources */ = {
			isa = PBXResourcesBuildPhase;
			buildActionMask = 2147483647;
			files = (
				7410661A2B85B27E00BCC9D0 /* LaunchScreen.storyboard in Resources */,
				741066172B85B27E00BCC9D0 /* Assets.xcassets in Resources */,
				741066152B85B27D00BCC9D0 /* Main.storyboard in Resources */,
			);
			runOnlyForDeploymentPostprocessing = 0;
		};
		7410661E2B85B27F00BCC9D0 /* Resources */ = {
			isa = PBXResourcesBuildPhase;
			buildActionMask = 2147483647;
			files = (
			);
			runOnlyForDeploymentPostprocessing = 0;
		};
		741066282B85B27F00BCC9D0 /* Resources */ = {
			isa = PBXResourcesBuildPhase;
			buildActionMask = 2147483647;
			files = (
			);
			runOnlyForDeploymentPostprocessing = 0;
		};
/* End PBXResourcesBuildPhase section */

/* Begin PBXSourcesBuildPhase section */
		741066062B85B27D00BCC9D0 /* Sources */ = {
			isa = PBXSourcesBuildPhase;
			buildActionMask = 2147483647;
			files = (
				DA5CB1272BB7905B00B3BA0F /* PatientsDetails.swift in Sources */,
				741066122B85B27D00BCC9D0 /* ViewController.swift in Sources */,
				74B31DC92BC84C3000EC1E83 /* DoctorDetailsScreen.swift in Sources */,
				7410660E2B85B27D00BCC9D0 /* AppDelegate.swift in Sources */,
				741066102B85B27D00BCC9D0 /* SceneDelegate.swift in Sources */,
				7444A0762B9AB91100A73844 /* SignuppageScreen2.swift in Sources */,
				74C620D52BB451EA000350BF /* DoctorLoginPage.swift in Sources */,
			);
			runOnlyForDeploymentPostprocessing = 0;
		};
		7410661C2B85B27F00BCC9D0 /* Sources */ = {
			isa = PBXSourcesBuildPhase;
			buildActionMask = 2147483647;
			files = (
				741066252B85B27F00BCC9D0 /* _4643Sec04Team03Spring2024FinalProjectTests.swift in Sources */,
			);
			runOnlyForDeploymentPostprocessing = 0;
		};
		741066262B85B27F00BCC9D0 /* Sources */ = {
			isa = PBXSourcesBuildPhase;
			buildActionMask = 2147483647;
			files = (
				7410662F2B85B27F00BCC9D0 /* _4643Sec04Team03Spring2024FinalProjectUITests.swift in Sources */,
				741066312B85B27F00BCC9D0 /* _4643Sec04Team03Spring2024FinalProjectUITestsLaunchTests.swift in Sources */,
			);
			runOnlyForDeploymentPostprocessing = 0;
		};
/* End PBXSourcesBuildPhase section */

/* Begin PBXTargetDependency section */
		741066222B85B27F00BCC9D0 /* PBXTargetDependency */ = {
			isa = PBXTargetDependency;
			target = 741066092B85B27D00BCC9D0 /* 44643Sec04Team03Spring2024FinalProject */;
			targetProxy = 741066212B85B27F00BCC9D0 /* PBXContainerItemProxy */;
		};
		7410662C2B85B27F00BCC9D0 /* PBXTargetDependency */ = {
			isa = PBXTargetDependency;
			target = 741066092B85B27D00BCC9D0 /* 44643Sec04Team03Spring2024FinalProject */;
			targetProxy = 7410662B2B85B27F00BCC9D0 /* PBXContainerItemProxy */;
		};
/* End PBXTargetDependency section */

/* Begin PBXVariantGroup section */
		741066132B85B27D00BCC9D0 /* Main.storyboard */ = {
			isa = PBXVariantGroup;
			children = (
				741066142B85B27D00BCC9D0 /* Base */,
			);
			name = Main.storyboard;
			sourceTree = "<group>";
		};
		741066182B85B27E00BCC9D0 /* LaunchScreen.storyboard */ = {
			isa = PBXVariantGroup;
			children = (
				741066192B85B27E00BCC9D0 /* Base */,
			);
			name = LaunchScreen.storyboard;
			sourceTree = "<group>";
		};
/* End PBXVariantGroup section */

/* Begin XCBuildConfiguration section */
		741066322B85B27F00BCC9D0 /* Debug */ = {
			isa = XCBuildConfiguration;
			buildSettings = {
				ALWAYS_SEARCH_USER_PATHS = NO;
				ASSETCATALOG_COMPILER_GENERATE_SWIFT_ASSET_SYMBOL_EXTENSIONS = YES;
				CLANG_ANALYZER_NONNULL = YES;
				CLANG_ANALYZER_NUMBER_OBJECT_CONVERSION = YES_AGGRESSIVE;
				CLANG_CXX_LANGUAGE_STANDARD = "gnu++20";
				CLANG_ENABLE_MODULES = YES;
				CLANG_ENABLE_OBJC_ARC = YES;
				CLANG_ENABLE_OBJC_WEAK = YES;
				CLANG_WARN_BLOCK_CAPTURE_AUTORELEASING = YES;
				CLANG_WARN_BOOL_CONVERSION = YES;
				CLANG_WARN_COMMA = YES;
				CLANG_WARN_CONSTANT_CONVERSION = YES;
				CLANG_WARN_DEPRECATED_OBJC_IMPLEMENTATIONS = YES;
				CLANG_WARN_DIRECT_OBJC_ISA_USAGE = YES_ERROR;
				CLANG_WARN_DOCUMENTATION_COMMENTS = YES;
				CLANG_WARN_EMPTY_BODY = YES;
				CLANG_WARN_ENUM_CONVERSION = YES;
				CLANG_WARN_INFINITE_RECURSION = YES;
				CLANG_WARN_INT_CONVERSION = YES;
				CLANG_WARN_NON_LITERAL_NULL_CONVERSION = YES;
				CLANG_WARN_OBJC_IMPLICIT_RETAIN_SELF = YES;
				CLANG_WARN_OBJC_LITERAL_CONVERSION = YES;
				CLANG_WARN_OBJC_ROOT_CLASS = YES_ERROR;
				CLANG_WARN_QUOTED_INCLUDE_IN_FRAMEWORK_HEADER = YES;
				CLANG_WARN_RANGE_LOOP_ANALYSIS = YES;
				CLANG_WARN_STRICT_PROTOTYPES = YES;
				CLANG_WARN_SUSPICIOUS_MOVE = YES;
				CLANG_WARN_UNGUARDED_AVAILABILITY = YES_AGGRESSIVE;
				CLANG_WARN_UNREACHABLE_CODE = YES;
				CLANG_WARN__DUPLICATE_METHOD_MATCH = YES;
				COPY_PHASE_STRIP = NO;
				DEBUG_INFORMATION_FORMAT = dwarf;
				ENABLE_STRICT_OBJC_MSGSEND = YES;
				ENABLE_TESTABILITY = YES;
				ENABLE_USER_SCRIPT_SANDBOXING = YES;
				GCC_C_LANGUAGE_STANDARD = gnu17;
				GCC_DYNAMIC_NO_PIC = NO;
				GCC_NO_COMMON_BLOCKS = YES;
				GCC_OPTIMIZATION_LEVEL = 0;
				GCC_PREPROCESSOR_DEFINITIONS = (
					"DEBUG=1",
					"$(inherited)",
				);
				GCC_WARN_64_TO_32_BIT_CONVERSION = YES;
				GCC_WARN_ABOUT_RETURN_TYPE = YES_ERROR;
				GCC_WARN_UNDECLARED_SELECTOR = YES;
				GCC_WARN_UNINITIALIZED_AUTOS = YES_AGGRESSIVE;
				GCC_WARN_UNUSED_FUNCTION = YES;
				GCC_WARN_UNUSED_VARIABLE = YES;
				IPHONEOS_DEPLOYMENT_TARGET = 17.2;
				LOCALIZATION_PREFERS_STRING_CATALOGS = YES;
				MTL_ENABLE_DEBUG_INFO = INCLUDE_SOURCE;
				MTL_FAST_MATH = YES;
				ONLY_ACTIVE_ARCH = YES;
				SDKROOT = iphoneos;
				SWIFT_ACTIVE_COMPILATION_CONDITIONS = "DEBUG $(inherited)";
				SWIFT_OPTIMIZATION_LEVEL = "-Onone";
			};
			name = Debug;
		};
		741066332B85B27F00BCC9D0 /* Release */ = {
			isa = XCBuildConfiguration;
			buildSettings = {
				ALWAYS_SEARCH_USER_PATHS = NO;
				ASSETCATALOG_COMPILER_GENERATE_SWIFT_ASSET_SYMBOL_EXTENSIONS = YES;
				CLANG_ANALYZER_NONNULL = YES;
				CLANG_ANALYZER_NUMBER_OBJECT_CONVERSION = YES_AGGRESSIVE;
				CLANG_CXX_LANGUAGE_STANDARD = "gnu++20";
				CLANG_ENABLE_MODULES = YES;
				CLANG_ENABLE_OBJC_ARC = YES;
				CLANG_ENABLE_OBJC_WEAK = YES;
				CLANG_WARN_BLOCK_CAPTURE_AUTORELEASING = YES;
				CLANG_WARN_BOOL_CONVERSION = YES;
				CLANG_WARN_COMMA = YES;
				CLANG_WARN_CONSTANT_CONVERSION = YES;
				CLANG_WARN_DEPRECATED_OBJC_IMPLEMENTATIONS = YES;
				CLANG_WARN_DIRECT_OBJC_ISA_USAGE = YES_ERROR;
				CLANG_WARN_DOCUMENTATION_COMMENTS = YES;
				CLANG_WARN_EMPTY_BODY = YES;
				CLANG_WARN_ENUM_CONVERSION = YES;
				CLANG_WARN_INFINITE_RECURSION = YES;
				CLANG_WARN_INT_CONVERSION = YES;
				CLANG_WARN_NON_LITERAL_NULL_CONVERSION = YES;
				CLANG_WARN_OBJC_IMPLICIT_RETAIN_SELF = YES;
				CLANG_WARN_OBJC_LITERAL_CONVERSION = YES;
				CLANG_WARN_OBJC_ROOT_CLASS = YES_ERROR;
				CLANG_WARN_QUOTED_INCLUDE_IN_FRAMEWORK_HEADER = YES;
				CLANG_WARN_RANGE_LOOP_ANALYSIS = YES;
				CLANG_WARN_STRICT_PROTOTYPES = YES;
				CLANG_WARN_SUSPICIOUS_MOVE = YES;
				CLANG_WARN_UNGUARDED_AVAILABILITY = YES_AGGRESSIVE;
				CLANG_WARN_UNREACHABLE_CODE = YES;
				CLANG_WARN__DUPLICATE_METHOD_MATCH = YES;
				COPY_PHASE_STRIP = NO;
				DEBUG_INFORMATION_FORMAT = "dwarf-with-dsym";
				ENABLE_NS_ASSERTIONS = NO;
				ENABLE_STRICT_OBJC_MSGSEND = YES;
				ENABLE_USER_SCRIPT_SANDBOXING = YES;
				GCC_C_LANGUAGE_STANDARD = gnu17;
				GCC_NO_COMMON_BLOCKS = YES;
				GCC_WARN_64_TO_32_BIT_CONVERSION = YES;
				GCC_WARN_ABOUT_RETURN_TYPE = YES_ERROR;
				GCC_WARN_UNDECLARED_SELECTOR = YES;
				GCC_WARN_UNINITIALIZED_AUTOS = YES_AGGRESSIVE;
				GCC_WARN_UNUSED_FUNCTION = YES;
				GCC_WARN_UNUSED_VARIABLE = YES;
				IPHONEOS_DEPLOYMENT_TARGET = 17.2;
				LOCALIZATION_PREFERS_STRING_CATALOGS = YES;
				MTL_ENABLE_DEBUG_INFO = NO;
				MTL_FAST_MATH = YES;
				SDKROOT = iphoneos;
				SWIFT_COMPILATION_MODE = wholemodule;
				VALIDATE_PRODUCT = YES;
			};
			name = Release;
		};
		741066352B85B27F00BCC9D0 /* Debug */ = {
			isa = XCBuildConfiguration;
			buildSettings = {
				ASSETCATALOG_COMPILER_APPICON_NAME = AppIcon;
				ASSETCATALOG_COMPILER_GLOBAL_ACCENT_COLOR_NAME = AccentColor;
				CODE_SIGN_STYLE = Automatic;
				CURRENT_PROJECT_VERSION = 1;
				GENERATE_INFOPLIST_FILE = YES;
				INFOPLIST_FILE = 44643Sec04Team03Spring2024FinalProject/Info.plist;
				INFOPLIST_KEY_UIApplicationSupportsIndirectInputEvents = YES;
				INFOPLIST_KEY_UILaunchStoryboardName = LaunchScreen;
				INFOPLIST_KEY_UIMainStoryboardFile = Main;
				INFOPLIST_KEY_UISupportedInterfaceOrientations_iPad = "UIInterfaceOrientationPortrait UIInterfaceOrientationPortraitUpsideDown UIInterfaceOrientationLandscapeLeft UIInterfaceOrientationLandscapeRight";
				INFOPLIST_KEY_UISupportedInterfaceOrientations_iPhone = "UIInterfaceOrientationPortrait UIInterfaceOrientationLandscapeLeft UIInterfaceOrientationLandscapeRight";
				LD_RUNPATH_SEARCH_PATHS = (
					"$(inherited)",
					"@executable_path/Frameworks",
				);
				MARKETING_VERSION = 1.0;
				PRODUCT_BUNDLE_IDENTIFIER = "edu.nwmissouri.spring24.cs44643.sec04.-4643Sec04Team03Spring2024FinalProject";
				PRODUCT_NAME = "$(TARGET_NAME)";
				SWIFT_EMIT_LOC_STRINGS = YES;
				SWIFT_VERSION = 5.0;
				TARGETED_DEVICE_FAMILY = "1,2";
			};
			name = Debug;
		};
		741066362B85B27F00BCC9D0 /* Release */ = {
			isa = XCBuildConfiguration;
			buildSettings = {
				ASSETCATALOG_COMPILER_APPICON_NAME = AppIcon;
				ASSETCATALOG_COMPILER_GLOBAL_ACCENT_COLOR_NAME = AccentColor;
				CODE_SIGN_STYLE = Automatic;
				CURRENT_PROJECT_VERSION = 1;
				GENERATE_INFOPLIST_FILE = YES;
				INFOPLIST_FILE = 44643Sec04Team03Spring2024FinalProject/Info.plist;
				INFOPLIST_KEY_UIApplicationSupportsIndirectInputEvents = YES;
				INFOPLIST_KEY_UILaunchStoryboardName = LaunchScreen;
				INFOPLIST_KEY_UIMainStoryboardFile = Main;
				INFOPLIST_KEY_UISupportedInterfaceOrientations_iPad = "UIInterfaceOrientationPortrait UIInterfaceOrientationPortraitUpsideDown UIInterfaceOrientationLandscapeLeft UIInterfaceOrientationLandscapeRight";
				INFOPLIST_KEY_UISupportedInterfaceOrientations_iPhone = "UIInterfaceOrientationPortrait UIInterfaceOrientationLandscapeLeft UIInterfaceOrientationLandscapeRight";
				LD_RUNPATH_SEARCH_PATHS = (
					"$(inherited)",
					"@executable_path/Frameworks",
				);
				MARKETING_VERSION = 1.0;
				PRODUCT_BUNDLE_IDENTIFIER = "edu.nwmissouri.spring24.cs44643.sec04.-4643Sec04Team03Spring2024FinalProject";
				PRODUCT_NAME = "$(TARGET_NAME)";
				SWIFT_EMIT_LOC_STRINGS = YES;
				SWIFT_VERSION = 5.0;
				TARGETED_DEVICE_FAMILY = "1,2";
			};
			name = Release;
		};
		741066382B85B27F00BCC9D0 /* Debug */ = {
			isa = XCBuildConfiguration;
			buildSettings = {
				ALWAYS_EMBED_SWIFT_STANDARD_LIBRARIES = YES;
				BUNDLE_LOADER = "$(TEST_HOST)";
				CODE_SIGN_STYLE = Automatic;
				CURRENT_PROJECT_VERSION = 1;
				GENERATE_INFOPLIST_FILE = YES;
				IPHONEOS_DEPLOYMENT_TARGET = 17.2;
				MARKETING_VERSION = 1.0;
				PRODUCT_BUNDLE_IDENTIFIER = "edu.nwmissouri.spring24.cs44643.sec04.-4643Sec04Team03Spring2024FinalProjectTests";
				PRODUCT_NAME = "$(TARGET_NAME)";
				SWIFT_EMIT_LOC_STRINGS = NO;
				SWIFT_VERSION = 5.0;
				TARGETED_DEVICE_FAMILY = "1,2";
				TEST_HOST = "$(BUILT_PRODUCTS_DIR)/44643Sec04Team03Spring2024FinalProject.app/$(BUNDLE_EXECUTABLE_FOLDER_PATH)/44643Sec04Team03Spring2024FinalProject";
			};
			name = Debug;
		};
		741066392B85B27F00BCC9D0 /* Release */ = {
			isa = XCBuildConfiguration;
			buildSettings = {
				ALWAYS_EMBED_SWIFT_STANDARD_LIBRARIES = YES;
				BUNDLE_LOADER = "$(TEST_HOST)";
				CODE_SIGN_STYLE = Automatic;
				CURRENT_PROJECT_VERSION = 1;
				GENERATE_INFOPLIST_FILE = YES;
				IPHONEOS_DEPLOYMENT_TARGET = 17.2;
				MARKETING_VERSION = 1.0;
				PRODUCT_BUNDLE_IDENTIFIER = "edu.nwmissouri.spring24.cs44643.sec04.-4643Sec04Team03Spring2024FinalProjectTests";
				PRODUCT_NAME = "$(TARGET_NAME)";
				SWIFT_EMIT_LOC_STRINGS = NO;
				SWIFT_VERSION = 5.0;
				TARGETED_DEVICE_FAMILY = "1,2";
				TEST_HOST = "$(BUILT_PRODUCTS_DIR)/44643Sec04Team03Spring2024FinalProject.app/$(BUNDLE_EXECUTABLE_FOLDER_PATH)/44643Sec04Team03Spring2024FinalProject";
			};
			name = Release;
		};
		7410663B2B85B27F00BCC9D0 /* Debug */ = {
			isa = XCBuildConfiguration;
			buildSettings = {
				ALWAYS_EMBED_SWIFT_STANDARD_LIBRARIES = YES;
				CODE_SIGN_STYLE = Automatic;
				CURRENT_PROJECT_VERSION = 1;
				GENERATE_INFOPLIST_FILE = YES;
				MARKETING_VERSION = 1.0;
				PRODUCT_BUNDLE_IDENTIFIER = "edu.nwmissouri.spring24.cs44643.sec04.-4643Sec04Team03Spring2024FinalProjectUITests";
				PRODUCT_NAME = "$(TARGET_NAME)";
				SWIFT_EMIT_LOC_STRINGS = NO;
				SWIFT_VERSION = 5.0;
				TARGETED_DEVICE_FAMILY = "1,2";
				TEST_TARGET_NAME = 44643Sec04Team03Spring2024FinalProject;
			};
			name = Debug;
		};
		7410663C2B85B27F00BCC9D0 /* Release */ = {
			isa = XCBuildConfiguration;
			buildSettings = {
				ALWAYS_EMBED_SWIFT_STANDARD_LIBRARIES = YES;
				CODE_SIGN_STYLE = Automatic;
				CURRENT_PROJECT_VERSION = 1;
				GENERATE_INFOPLIST_FILE = YES;
				MARKETING_VERSION = 1.0;
				PRODUCT_BUNDLE_IDENTIFIER = "edu.nwmissouri.spring24.cs44643.sec04.-4643Sec04Team03Spring2024FinalProjectUITests";
				PRODUCT_NAME = "$(TARGET_NAME)";
				SWIFT_EMIT_LOC_STRINGS = NO;
				SWIFT_VERSION = 5.0;
				TARGETED_DEVICE_FAMILY = "1,2";
				TEST_TARGET_NAME = 44643Sec04Team03Spring2024FinalProject;
			};
			name = Release;
		};
/* End XCBuildConfiguration section */

/* Begin XCConfigurationList section */
		741066052B85B27D00BCC9D0 /* Build configuration list for PBXProject "44643Sec04Team03Spring2024FinalProject" */ = {
			isa = XCConfigurationList;
			buildConfigurations = (
				741066322B85B27F00BCC9D0 /* Debug */,
				741066332B85B27F00BCC9D0 /* Release */,
			);
			defaultConfigurationIsVisible = 0;
			defaultConfigurationName = Release;
		};
		741066342B85B27F00BCC9D0 /* Build configuration list for PBXNativeTarget "44643Sec04Team03Spring2024FinalProject" */ = {
			isa = XCConfigurationList;
			buildConfigurations = (
				741066352B85B27F00BCC9D0 /* Debug */,
				741066362B85B27F00BCC9D0 /* Release */,
			);
			defaultConfigurationIsVisible = 0;
			defaultConfigurationName = Release;
		};
		741066372B85B27F00BCC9D0 /* Build configuration list for PBXNativeTarget "44643Sec04Team03Spring2024FinalProjectTests" */ = {
			isa = XCConfigurationList;
			buildConfigurations = (
				741066382B85B27F00BCC9D0 /* Debug */,
				741066392B85B27F00BCC9D0 /* Release */,
			);
			defaultConfigurationIsVisible = 0;
			defaultConfigurationName = Release;
		};
		7410663A2B85B27F00BCC9D0 /* Build configuration list for PBXNativeTarget "44643Sec04Team03Spring2024FinalProjectUITests" */ = {
			isa = XCConfigurationList;
			buildConfigurations = (
				7410663B2B85B27F00BCC9D0 /* Debug */,
				7410663C2B85B27F00BCC9D0 /* Release */,
			);
			defaultConfigurationIsVisible = 0;
			defaultConfigurationName = Release;
		};
/* End XCConfigurationList section */

/* Begin XCRemoteSwiftPackageReference section */
		DA9C38902B898BBF009B23FA /* XCRemoteSwiftPackageReference "lottie-ios" */ = {
			isa = XCRemoteSwiftPackageReference;
			repositoryURL = "https://github.com/airbnb/lottie-ios.git";
			requirement = {
				kind = upToNextMajorVersion;
				minimumVersion = 4.4.1;
			};
		};
/* End XCRemoteSwiftPackageReference section */

/* Begin XCSwiftPackageProductDependency section */
		DA9C38912B898BBF009B23FA /* Lottie */ = {
			isa = XCSwiftPackageProductDependency;
			package = DA9C38902B898BBF009B23FA /* XCRemoteSwiftPackageReference "lottie-ios" */;
			productName = Lottie;
		};
/* End XCSwiftPackageProductDependency section */
	};
	rootObject = 741066022B85B27D00BCC9D0 /* Project object */;
}
